// !$*UTF8*$!
{
	archiveVersion = 1;
	classes = {
	};
	objectVersion = 46;
	objects = {

/* Begin PBXBuildFile section */
		B66BF3B31B0C137E0082F8D6 /* main.m in Sources */ = {isa = PBXBuildFile; fileRef = B66BF3B21B0C137E0082F8D6 /* main.m */; };
		B66BF3B61B0C137E0082F8D6 /* AppDelegate.m in Sources */ = {isa = PBXBuildFile; fileRef = B66BF3B51B0C137E0082F8D6 /* AppDelegate.m */; };
		B66BF3B91B0C137E0082F8D6 /* ViewController.m in Sources */ = {isa = PBXBuildFile; fileRef = B66BF3B81B0C137E0082F8D6 /* ViewController.m */; };
		B66BF3BE1B0C137E0082F8D6 /* Images.xcassets in Resources */ = {isa = PBXBuildFile; fileRef = B66BF3BD1B0C137E0082F8D6 /* Images.xcassets */; };
		B66BF3C11B0C137E0082F8D6 /* LaunchScreen.xib in Resources */ = {isa = PBXBuildFile; fileRef = B66BF3BF1B0C137E0082F8D6 /* LaunchScreen.xib */; };
		B66BF3DB1B0C14480082F8D6 /* iconfont.ttf in Resources */ = {isa = PBXBuildFile; fileRef = B66BF3D71B0C14480082F8D6 /* iconfont.ttf */; };
		B66BF3DC1B0C14480082F8D6 /* logo.gif in Resources */ = {isa = PBXBuildFile; fileRef = B66BF3D81B0C14480082F8D6 /* logo.gif */; };
		B66BF3DD1B0C14480082F8D6 /* logo.png in Resources */ = {isa = PBXBuildFile; fileRef = B66BF3D91B0C14480082F8D6 /* logo.png */; };
		B66BF3DE1B0C14480082F8D6 /* test.pdf in Resources */ = {isa = PBXBuildFile; fileRef = B66BF3DA1B0C14480082F8D6 /* test.pdf */; };
		B66BF3ED1B0C16290082F8D6 /* OpenShare+QQ.m in Sources */ = {isa = PBXBuildFile; fileRef = B66BF3E31B0C16290082F8D6 /* OpenShare+QQ.m */; };
		B66BF3EE1B0C16290082F8D6 /* OpenShare+Renren.m in Sources */ = {isa = PBXBuildFile; fileRef = B66BF3E51B0C16290082F8D6 /* OpenShare+Renren.m */; };
		B66BF3EF1B0C16290082F8D6 /* OpenShare+Weibo.m in Sources */ = {isa = PBXBuildFile; fileRef = B66BF3E71B0C16290082F8D6 /* OpenShare+Weibo.m */; };
		B66BF3F01B0C16290082F8D6 /* OpenShare+Weixin.m in Sources */ = {isa = PBXBuildFile; fileRef = B66BF3E91B0C16290082F8D6 /* OpenShare+Weixin.m */; };
		B66BF3F11B0C16290082F8D6 /* OpenShare.m in Sources */ = {isa = PBXBuildFile; fileRef = B66BF3EB1B0C16290082F8D6 /* OpenShare.m */; };
		B66BF3F41B0C1AEB0082F8D6 /* UIControl+Blocks.m in Sources */ = {isa = PBXBuildFile; fileRef = B66BF3F31B0C1AEB0082F8D6 /* UIControl+Blocks.m */; };
		B66BF3F81B0C23670082F8D6 /* Default@2x.png in Resources */ = {isa = PBXBuildFile; fileRef = B66BF3F71B0C23670082F8D6 /* Default@2x.png */; };
		B6E22B1F1B213B09001930CA /* OpenShare+Alipay.m in Sources */ = {isa = PBXBuildFile; fileRef = B6E22B1E1B213B09001930CA /* OpenShare+Alipay.m */; };
		D02886531D90D22200269A24 /* Open_ShareTests.m in Sources */ = {isa = PBXBuildFile; fileRef = D02886521D90D22200269A24 /* Open_ShareTests.m */; };
		D08B4B131D8FD254004BCB31 /* WebviewAuthHelper.m in Sources */ = {isa = PBXBuildFile; fileRef = D08B4B121D8FD254004BCB31 /* WebviewAuthHelper.m */; };
/* End PBXBuildFile section */

/* Begin PBXContainerItemProxy section */
		D02886551D90D22200269A24 /* PBXContainerItemProxy */ = {
			isa = PBXContainerItemProxy;
			containerPortal = B66BF3A51B0C137D0082F8D6 /* Project object */;
			proxyType = 1;
			remoteGlobalIDString = B66BF3AC1B0C137E0082F8D6;
			remoteInfo = openshare;
		};
/* End PBXContainerItemProxy section */

/* Begin PBXFileReference section */
		B66BF3AD1B0C137E0082F8D6 /* openshare.app */ = {isa = PBXFileReference; explicitFileType = wrapper.application; includeInIndex = 0; path = openshare.app; sourceTree = BUILT_PRODUCTS_DIR; };
		B66BF3B11B0C137E0082F8D6 /* Info.plist */ = {isa = PBXFileReference; lastKnownFileType = text.plist.xml; path = Info.plist; sourceTree = "<group>"; };
		B66BF3B21B0C137E0082F8D6 /* main.m */ = {isa = PBXFileReference; lastKnownFileType = sourcecode.c.objc; path = main.m; sourceTree = "<group>"; };
		B66BF3B41B0C137E0082F8D6 /* AppDelegate.h */ = {isa = PBXFileReference; lastKnownFileType = sourcecode.c.h; path = AppDelegate.h; sourceTree = "<group>"; };
		B66BF3B51B0C137E0082F8D6 /* AppDelegate.m */ = {isa = PBXFileReference; lastKnownFileType = sourcecode.c.objc; path = AppDelegate.m; sourceTree = "<group>"; };
		B66BF3B71B0C137E0082F8D6 /* ViewController.h */ = {isa = PBXFileReference; lastKnownFileType = sourcecode.c.h; path = ViewController.h; sourceTree = "<group>"; };
		B66BF3B81B0C137E0082F8D6 /* ViewController.m */ = {isa = PBXFileReference; lastKnownFileType = sourcecode.c.objc; path = ViewController.m; sourceTree = "<group>"; };
		B66BF3BD1B0C137E0082F8D6 /* Images.xcassets */ = {isa = PBXFileReference; lastKnownFileType = folder.assetcatalog; path = Images.xcassets; sourceTree = "<group>"; };
		B66BF3C01B0C137E0082F8D6 /* Base */ = {isa = PBXFileReference; lastKnownFileType = file.xib; name = Base; path = Base.lproj/LaunchScreen.xib; sourceTree = "<group>"; };
		B66BF3CB1B0C137E0082F8D6 /* Info.plist */ = {isa = PBXFileReference; lastKnownFileType = text.plist.xml; path = Info.plist; sourceTree = "<group>"; };
		B66BF3CC1B0C137E0082F8D6 /* openshareTests.m */ = {isa = PBXFileReference; lastKnownFileType = sourcecode.c.objc; path = openshareTests.m; sourceTree = "<group>"; };
		B66BF3D71B0C14480082F8D6 /* iconfont.ttf */ = {isa = PBXFileReference; lastKnownFileType = file; path = iconfont.ttf; sourceTree = "<group>"; };
		B66BF3D81B0C14480082F8D6 /* logo.gif */ = {isa = PBXFileReference; lastKnownFileType = image.gif; path = logo.gif; sourceTree = "<group>"; };
		B66BF3D91B0C14480082F8D6 /* logo.png */ = {isa = PBXFileReference; lastKnownFileType = image.png; path = logo.png; sourceTree = "<group>"; };
		B66BF3DA1B0C14480082F8D6 /* test.pdf */ = {isa = PBXFileReference; lastKnownFileType = image.pdf; path = test.pdf; sourceTree = "<group>"; };
		B66BF3E21B0C16290082F8D6 /* OpenShare+QQ.h */ = {isa = PBXFileReference; fileEncoding = 4; lastKnownFileType = sourcecode.c.h; path = "OpenShare+QQ.h"; sourceTree = "<group>"; };
		B66BF3E31B0C16290082F8D6 /* OpenShare+QQ.m */ = {isa = PBXFileReference; fileEncoding = 4; lastKnownFileType = sourcecode.c.objc; path = "OpenShare+QQ.m"; sourceTree = "<group>"; };
		B66BF3E41B0C16290082F8D6 /* OpenShare+Renren.h */ = {isa = PBXFileReference; fileEncoding = 4; lastKnownFileType = sourcecode.c.h; path = "OpenShare+Renren.h"; sourceTree = "<group>"; };
		B66BF3E51B0C16290082F8D6 /* OpenShare+Renren.m */ = {isa = PBXFileReference; fileEncoding = 4; lastKnownFileType = sourcecode.c.objc; path = "OpenShare+Renren.m"; sourceTree = "<group>"; };
		B66BF3E61B0C16290082F8D6 /* OpenShare+Weibo.h */ = {isa = PBXFileReference; fileEncoding = 4; lastKnownFileType = sourcecode.c.h; path = "OpenShare+Weibo.h"; sourceTree = "<group>"; };
		B66BF3E71B0C16290082F8D6 /* OpenShare+Weibo.m */ = {isa = PBXFileReference; fileEncoding = 4; lastKnownFileType = sourcecode.c.objc; path = "OpenShare+Weibo.m"; sourceTree = "<group>"; };
		B66BF3E81B0C16290082F8D6 /* OpenShare+Weixin.h */ = {isa = PBXFileReference; fileEncoding = 4; lastKnownFileType = sourcecode.c.h; path = "OpenShare+Weixin.h"; sourceTree = "<group>"; };
		B66BF3E91B0C16290082F8D6 /* OpenShare+Weixin.m */ = {isa = PBXFileReference; fileEncoding = 4; lastKnownFileType = sourcecode.c.objc; path = "OpenShare+Weixin.m"; sourceTree = "<group>"; };
		B66BF3EA1B0C16290082F8D6 /* OpenShare.h */ = {isa = PBXFileReference; fileEncoding = 4; lastKnownFileType = sourcecode.c.h; path = OpenShare.h; sourceTree = "<group>"; };
		B66BF3EB1B0C16290082F8D6 /* OpenShare.m */ = {isa = PBXFileReference; fileEncoding = 4; lastKnownFileType = sourcecode.c.objc; path = OpenShare.m; sourceTree = "<group>"; };
		B66BF3EC1B0C16290082F8D6 /* OpenShareHeader.h */ = {isa = PBXFileReference; fileEncoding = 4; lastKnownFileType = sourcecode.c.h; path = OpenShareHeader.h; sourceTree = "<group>"; };
		B66BF3F21B0C1AEB0082F8D6 /* UIControl+Blocks.h */ = {isa = PBXFileReference; fileEncoding = 4; lastKnownFileType = sourcecode.c.h; path = "UIControl+Blocks.h"; sourceTree = "<group>"; };
		B66BF3F31B0C1AEB0082F8D6 /* UIControl+Blocks.m */ = {isa = PBXFileReference; fileEncoding = 4; lastKnownFileType = sourcecode.c.objc; path = "UIControl+Blocks.m"; sourceTree = "<group>"; };
		B66BF3F71B0C23670082F8D6 /* Default@2x.png */ = {isa = PBXFileReference; lastKnownFileType = image.png; name = "Default@2x.png"; path = "Images.xcassets/LaunchImage.launchimage/Default@2x.png"; sourceTree = "<group>"; };
		B6E22B1D1B213B09001930CA /* OpenShare+Alipay.h */ = {isa = PBXFileReference; fileEncoding = 4; lastKnownFileType = sourcecode.c.h; path = "OpenShare+Alipay.h"; sourceTree = "<group>"; };
		B6E22B1E1B213B09001930CA /* OpenShare+Alipay.m */ = {isa = PBXFileReference; fileEncoding = 4; lastKnownFileType = sourcecode.c.objc; path = "OpenShare+Alipay.m"; sourceTree = "<group>"; };
		D02886501D90D22200269A24 /* Open ShareTests.xctest */ = {isa = PBXFileReference; explicitFileType = wrapper.cfbundle; includeInIndex = 0; path = "Open ShareTests.xctest"; sourceTree = BUILT_PRODUCTS_DIR; };
		D02886521D90D22200269A24 /* Open_ShareTests.m */ = {isa = PBXFileReference; lastKnownFileType = sourcecode.c.objc; path = Open_ShareTests.m; sourceTree = "<group>"; };
		D02886541D90D22200269A24 /* Info.plist */ = {isa = PBXFileReference; lastKnownFileType = text.plist.xml; path = Info.plist; sourceTree = "<group>"; };
		D08B4B111D8FD254004BCB31 /* WebviewAuthHelper.h */ = {isa = PBXFileReference; fileEncoding = 4; lastKnownFileType = sourcecode.c.h; name = WebviewAuthHelper.h; path = ../openshare/WebviewAuthHelper.h; sourceTree = "<group>"; };
		D08B4B121D8FD254004BCB31 /* WebviewAuthHelper.m */ = {isa = PBXFileReference; fileEncoding = 4; lastKnownFileType = sourcecode.c.objc; name = WebviewAuthHelper.m; path = ../openshare/WebviewAuthHelper.m; sourceTree = "<group>"; };
/* End PBXFileReference section */

/* Begin PBXFrameworksBuildPhase section */
		B66BF3AA1B0C137E0082F8D6 /* Frameworks */ = {
			isa = PBXFrameworksBuildPhase;
			buildActionMask = 2147483647;
			files = (
			);
			runOnlyForDeploymentPostprocessing = 0;
		};
		D028864D1D90D22200269A24 /* Frameworks */ = {
			isa = PBXFrameworksBuildPhase;
			buildActionMask = 2147483647;
			files = (
			);
			runOnlyForDeploymentPostprocessing = 0;
		};
/* End PBXFrameworksBuildPhase section */

/* Begin PBXGroup section */
		B66BF3A41B0C137D0082F8D6 = {
			isa = PBXGroup;
			children = (
				B66BF3AF1B0C137E0082F8D6 /* openshare */,
				B66BF3C91B0C137E0082F8D6 /* openshareTests */,
				D02886511D90D22200269A24 /* Open ShareTests */,
				B66BF3AE1B0C137E0082F8D6 /* Products */,
			);
			sourceTree = "<group>";
		};
		B66BF3AE1B0C137E0082F8D6 /* Products */ = {
			isa = PBXGroup;
			children = (
				B66BF3AD1B0C137E0082F8D6 /* openshare.app */,
				D02886501D90D22200269A24 /* Open ShareTests.xctest */,
			);
			name = Products;
			sourceTree = "<group>";
		};
		B66BF3AF1B0C137E0082F8D6 /* openshare */ = {
			isa = PBXGroup;
			children = (
				B66BF3E11B0C16290082F8D6 /* OpenShare */,
				B66BF3D61B0C143D0082F8D6 /* assets */,
				B66BF3B41B0C137E0082F8D6 /* AppDelegate.h */,
				B66BF3B51B0C137E0082F8D6 /* AppDelegate.m */,
				B66BF3B71B0C137E0082F8D6 /* ViewController.h */,
				B66BF3B81B0C137E0082F8D6 /* ViewController.m */,
				B66BF3F21B0C1AEB0082F8D6 /* UIControl+Blocks.h */,
				B66BF3F31B0C1AEB0082F8D6 /* UIControl+Blocks.m */,
				B66BF3BD1B0C137E0082F8D6 /* Images.xcassets */,
				B66BF3BF1B0C137E0082F8D6 /* LaunchScreen.xib */,
				B66BF3B01B0C137E0082F8D6 /* Supporting Files */,
			);
			path = openshare;
			sourceTree = "<group>";
		};
		B66BF3B01B0C137E0082F8D6 /* Supporting Files */ = {
			isa = PBXGroup;
			children = (
				B66BF3B11B0C137E0082F8D6 /* Info.plist */,
				B66BF3B21B0C137E0082F8D6 /* main.m */,
			);
			name = "Supporting Files";
			sourceTree = "<group>";
		};
		B66BF3C91B0C137E0082F8D6 /* openshareTests */ = {
			isa = PBXGroup;
			children = (
				B66BF3CC1B0C137E0082F8D6 /* openshareTests.m */,
				B66BF3CA1B0C137E0082F8D6 /* Supporting Files */,
			);
			path = openshareTests;
			sourceTree = "<group>";
		};
		B66BF3CA1B0C137E0082F8D6 /* Supporting Files */ = {
			isa = PBXGroup;
			children = (
				B66BF3CB1B0C137E0082F8D6 /* Info.plist */,
			);
			name = "Supporting Files";
			sourceTree = "<group>";
		};
		B66BF3D61B0C143D0082F8D6 /* assets */ = {
			isa = PBXGroup;
			children = (
				B66BF3F71B0C23670082F8D6 /* Default@2x.png */,
				B66BF3D71B0C14480082F8D6 /* iconfont.ttf */,
				B66BF3D81B0C14480082F8D6 /* logo.gif */,
				B66BF3D91B0C14480082F8D6 /* logo.png */,
				B66BF3DA1B0C14480082F8D6 /* test.pdf */,
			);
			name = assets;
			sourceTree = "<group>";
		};
		B66BF3E11B0C16290082F8D6 /* OpenShare */ = {
			isa = PBXGroup;
			children = (
				D08B4B111D8FD254004BCB31 /* WebviewAuthHelper.h */,
				D08B4B121D8FD254004BCB31 /* WebviewAuthHelper.m */,
				B66BF3E21B0C16290082F8D6 /* OpenShare+QQ.h */,
				B66BF3E31B0C16290082F8D6 /* OpenShare+QQ.m */,
				B66BF3E41B0C16290082F8D6 /* OpenShare+Renren.h */,
				B66BF3E51B0C16290082F8D6 /* OpenShare+Renren.m */,
				B66BF3E61B0C16290082F8D6 /* OpenShare+Weibo.h */,
				B66BF3E71B0C16290082F8D6 /* OpenShare+Weibo.m */,
				B66BF3E81B0C16290082F8D6 /* OpenShare+Weixin.h */,
				B66BF3E91B0C16290082F8D6 /* OpenShare+Weixin.m */,
				B6E22B1D1B213B09001930CA /* OpenShare+Alipay.h */,
				B6E22B1E1B213B09001930CA /* OpenShare+Alipay.m */,
				B66BF3EA1B0C16290082F8D6 /* OpenShare.h */,
				B66BF3EB1B0C16290082F8D6 /* OpenShare.m */,
				B66BF3EC1B0C16290082F8D6 /* OpenShareHeader.h */,
			);
			name = OpenShare;
			path = ../../OpenShare;
			sourceTree = "<group>";
		};
		D02886511D90D22200269A24 /* Open ShareTests */ = {
			isa = PBXGroup;
			children = (
				D02886521D90D22200269A24 /* Open_ShareTests.m */,
				D02886541D90D22200269A24 /* Info.plist */,
			);
			path = "Open ShareTests";
			sourceTree = "<group>";
		};
/* End PBXGroup section */

/* Begin PBXNativeTarget section */
		B66BF3AC1B0C137E0082F8D6 /* openshare */ = {
			isa = PBXNativeTarget;
			buildConfigurationList = B66BF3D01B0C137E0082F8D6 /* Build configuration list for PBXNativeTarget "openshare" */;
			buildPhases = (
				B66BF3A91B0C137E0082F8D6 /* Sources */,
				B66BF3AA1B0C137E0082F8D6 /* Frameworks */,
				B66BF3AB1B0C137E0082F8D6 /* Resources */,
			);
			buildRules = (
			);
			dependencies = (
			);
			name = openshare;
			productName = openshare;
			productReference = B66BF3AD1B0C137E0082F8D6 /* openshare.app */;
			productType = "com.apple.product-type.application";
		};
		D028864F1D90D22200269A24 /* Open ShareTests */ = {
			isa = PBXNativeTarget;
			buildConfigurationList = D02886571D90D22200269A24 /* Build configuration list for PBXNativeTarget "Open ShareTests" */;
			buildPhases = (
				D028864C1D90D22200269A24 /* Sources */,
				D028864D1D90D22200269A24 /* Frameworks */,
				D028864E1D90D22200269A24 /* Resources */,
			);
			buildRules = (
			);
			dependencies = (
				D02886561D90D22200269A24 /* PBXTargetDependency */,
			);
			name = "Open ShareTests";
			productName = "Open ShareTests";
			productReference = D02886501D90D22200269A24 /* Open ShareTests.xctest */;
			productType = "com.apple.product-type.bundle.unit-test";
		};
/* End PBXNativeTarget section */

/* Begin PBXProject section */
		B66BF3A51B0C137D0082F8D6 /* Project object */ = {
			isa = PBXProject;
			attributes = {
				LastUpgradeCheck = 0630;
				ORGANIZATIONNAME = "OpenShare http://openshare.gfzj.us/";
				TargetAttributes = {
					B66BF3AC1B0C137E0082F8D6 = {
						CreatedOnToolsVersion = 6.3.1;
						DevelopmentTeam = CM2364627B;
						ProvisioningStyle = Automatic;
					};
					D028864F1D90D22200269A24 = {
						CreatedOnToolsVersion = 8.0;
						DevelopmentTeam = CM2364627B;
						ProvisioningStyle = Automatic;
						TestTargetID = B66BF3AC1B0C137E0082F8D6;
					};
				};
			};
			buildConfigurationList = B66BF3A81B0C137D0082F8D6 /* Build configuration list for PBXProject "openshare" */;
			compatibilityVersion = "Xcode 3.2";
			developmentRegion = English;
			hasScannedForEncodings = 0;
			knownRegions = (
				en,
				Base,
			);
			mainGroup = B66BF3A41B0C137D0082F8D6;
			productRefGroup = B66BF3AE1B0C137E0082F8D6 /* Products */;
			projectDirPath = "";
			projectRoot = "";
			targets = (
				B66BF3AC1B0C137E0082F8D6 /* openshare */,
				D028864F1D90D22200269A24 /* Open ShareTests */,
			);
		};
/* End PBXProject section */

/* Begin PBXResourcesBuildPhase section */
		B66BF3AB1B0C137E0082F8D6 /* Resources */ = {
			isa = PBXResourcesBuildPhase;
			buildActionMask = 2147483647;
			files = (
				B66BF3DB1B0C14480082F8D6 /* iconfont.ttf in Resources */,
				B66BF3DD1B0C14480082F8D6 /* logo.png in Resources */,
				B66BF3DC1B0C14480082F8D6 /* logo.gif in Resources */,
				B66BF3C11B0C137E0082F8D6 /* LaunchScreen.xib in Resources */,
				B66BF3BE1B0C137E0082F8D6 /* Images.xcassets in Resources */,
				B66BF3F81B0C23670082F8D6 /* Default@2x.png in Resources */,
				B66BF3DE1B0C14480082F8D6 /* test.pdf in Resources */,
			);
			runOnlyForDeploymentPostprocessing = 0;
		};
		D028864E1D90D22200269A24 /* Resources */ = {
			isa = PBXResourcesBuildPhase;
			buildActionMask = 2147483647;
			files = (
			);
			runOnlyForDeploymentPostprocessing = 0;
		};
/* End PBXResourcesBuildPhase section */

/* Begin PBXSourcesBuildPhase section */
		B66BF3A91B0C137E0082F8D6 /* Sources */ = {
			isa = PBXSourcesBuildPhase;
			buildActionMask = 2147483647;
			files = (
				B66BF3B91B0C137E0082F8D6 /* ViewController.m in Sources */,
				B66BF3EE1B0C16290082F8D6 /* OpenShare+Renren.m in Sources */,
				B66BF3B61B0C137E0082F8D6 /* AppDelegate.m in Sources */,
				B66BF3F41B0C1AEB0082F8D6 /* UIControl+Blocks.m in Sources */,
				B66BF3F11B0C16290082F8D6 /* OpenShare.m in Sources */,
				D08B4B131D8FD254004BCB31 /* WebviewAuthHelper.m in Sources */,
				B66BF3B31B0C137E0082F8D6 /* main.m in Sources */,
				B66BF3EF1B0C16290082F8D6 /* OpenShare+Weibo.m in Sources */,
				B6E22B1F1B213B09001930CA /* OpenShare+Alipay.m in Sources */,
				B66BF3ED1B0C16290082F8D6 /* OpenShare+QQ.m in Sources */,
				B66BF3F01B0C16290082F8D6 /* OpenShare+Weixin.m in Sources */,
			);
			runOnlyForDeploymentPostprocessing = 0;
		};
		D028864C1D90D22200269A24 /* Sources */ = {
			isa = PBXSourcesBuildPhase;
			buildActionMask = 2147483647;
			files = (
				D02886531D90D22200269A24 /* Open_ShareTests.m in Sources */,
			);
			runOnlyForDeploymentPostprocessing = 0;
		};
/* End PBXSourcesBuildPhase section */

/* Begin PBXTargetDependency section */
		D02886561D90D22200269A24 /* PBXTargetDependency */ = {
			isa = PBXTargetDependency;
			target = B66BF3AC1B0C137E0082F8D6 /* openshare */;
			targetProxy = D02886551D90D22200269A24 /* PBXContainerItemProxy */;
		};
/* End PBXTargetDependency section */

/* Begin PBXVariantGroup section */
		B66BF3BF1B0C137E0082F8D6 /* LaunchScreen.xib */ = {
			isa = PBXVariantGroup;
			children = (
				B66BF3C01B0C137E0082F8D6 /* Base */,
			);
			name = LaunchScreen.xib;
			sourceTree = "<group>";
		};
/* End PBXVariantGroup section */

/* Begin XCBuildConfiguration section */
		B66BF3CE1B0C137E0082F8D6 /* Debug */ = {
			isa = XCBuildConfiguration;
			buildSettings = {
				ALWAYS_SEARCH_USER_PATHS = NO;
				CLANG_CXX_LANGUAGE_STANDARD = "gnu++0x";
				CLANG_CXX_LIBRARY = "libc++";
				CLANG_ENABLE_MODULES = YES;
				CLANG_ENABLE_OBJC_ARC = YES;
				CLANG_WARN_BOOL_CONVERSION = YES;
				CLANG_WARN_CONSTANT_CONVERSION = YES;
				CLANG_WARN_DIRECT_OBJC_ISA_USAGE = YES_ERROR;
				CLANG_WARN_EMPTY_BODY = YES;
				CLANG_WARN_ENUM_CONVERSION = YES;
				CLANG_WARN_INT_CONVERSION = YES;
				CLANG_WARN_OBJC_ROOT_CLASS = YES_ERROR;
				CLANG_WARN_UNREACHABLE_CODE = YES;
				CLANG_WARN__DUPLICATE_METHOD_MATCH = YES;
				"CODE_SIGN_IDENTITY[sdk=iphoneos*]" = "iPhone Developer";
				COPY_PHASE_STRIP = NO;
				DEBUG_INFORMATION_FORMAT = "dwarf-with-dsym";
				ENABLE_STRICT_OBJC_MSGSEND = YES;
				GCC_C_LANGUAGE_STANDARD = gnu99;
				GCC_DYNAMIC_NO_PIC = NO;
				GCC_NO_COMMON_BLOCKS = YES;
				GCC_OPTIMIZATION_LEVEL = 0;
				GCC_PREPROCESSOR_DEFINITIONS = (
					"DEBUG=1",
					"$(inherited)",
				);
				GCC_SYMBOLS_PRIVATE_EXTERN = NO;
				GCC_WARN_64_TO_32_BIT_CONVERSION = YES;
				GCC_WARN_ABOUT_RETURN_TYPE = YES_ERROR;
				GCC_WARN_UNDECLARED_SELECTOR = YES;
				GCC_WARN_UNINITIALIZED_AUTOS = YES_AGGRESSIVE;
				GCC_WARN_UNUSED_FUNCTION = YES;
				GCC_WARN_UNUSED_VARIABLE = YES;
				IPHONEOS_DEPLOYMENT_TARGET = 8.3;
				MTL_ENABLE_DEBUG_INFO = YES;
				ONLY_ACTIVE_ARCH = YES;
				SDKROOT = iphoneos;
				TARGETED_DEVICE_FAMILY = "1,2";
			};
			name = Debug;
		};
		B66BF3CF1B0C137E0082F8D6 /* Release */ = {
			isa = XCBuildConfiguration;
			buildSettings = {
				ALWAYS_SEARCH_USER_PATHS = NO;
				CLANG_CXX_LANGUAGE_STANDARD = "gnu++0x";
				CLANG_CXX_LIBRARY = "libc++";
				CLANG_ENABLE_MODULES = YES;
				CLANG_ENABLE_OBJC_ARC = YES;
				CLANG_WARN_BOOL_CONVERSION = YES;
				CLANG_WARN_CONSTANT_CONVERSION = YES;
				CLANG_WARN_DIRECT_OBJC_ISA_USAGE = YES_ERROR;
				CLANG_WARN_EMPTY_BODY = YES;
				CLANG_WARN_ENUM_CONVERSION = YES;
				CLANG_WARN_INT_CONVERSION = YES;
				CLANG_WARN_OBJC_ROOT_CLASS = YES_ERROR;
				CLANG_WARN_UNREACHABLE_CODE = YES;
				CLANG_WARN__DUPLICATE_METHOD_MATCH = YES;
				"CODE_SIGN_IDENTITY[sdk=iphoneos*]" = "iPhone Developer";
				COPY_PHASE_STRIP = NO;
				DEBUG_INFORMATION_FORMAT = "dwarf-with-dsym";
				ENABLE_NS_ASSERTIONS = NO;
				ENABLE_STRICT_OBJC_MSGSEND = YES;
				GCC_C_LANGUAGE_STANDARD = gnu99;
				GCC_NO_COMMON_BLOCKS = YES;
				GCC_WARN_64_TO_32_BIT_CONVERSION = YES;
				GCC_WARN_ABOUT_RETURN_TYPE = YES_ERROR;
				GCC_WARN_UNDECLARED_SELECTOR = YES;
				GCC_WARN_UNINITIALIZED_AUTOS = YES_AGGRESSIVE;
				GCC_WARN_UNUSED_FUNCTION = YES;
				GCC_WARN_UNUSED_VARIABLE = YES;
				IPHONEOS_DEPLOYMENT_TARGET = 8.3;
				MTL_ENABLE_DEBUG_INFO = NO;
				SDKROOT = iphoneos;
				TARGETED_DEVICE_FAMILY = "1,2";
				VALIDATE_PRODUCT = YES;
			};
			name = Release;
		};
		B66BF3D11B0C137E0082F8D6 /* Debug */ = {
			isa = XCBuildConfiguration;
			buildSettings = {
				ASSETCATALOG_COMPILER_APPICON_NAME = AppIcon;
				ASSETCATALOG_COMPILER_LAUNCHIMAGE_NAME = LaunchImage;
				"CODE_SIGN_IDENTITY[sdk=iphoneos*]" = "iPhone Developer";
				DEVELOPMENT_TEAM = CM2364627B;
				INFOPLIST_FILE = openshare/Info.plist;
				IPHONEOS_DEPLOYMENT_TARGET = 8.0;
				LD_RUNPATH_SEARCH_PATHS = "$(inherited) @executable_path/Frameworks";
				PRODUCT_BUNDLE_IDENTIFIER = top.dawenhing.openshare;
				PRODUCT_NAME = "$(TARGET_NAME)";
				PROVISIONING_PROFILE = "";
				PROVISIONING_PROFILE_SPECIFIER = "";
			};
			name = Debug;
		};
		B66BF3D21B0C137E0082F8D6 /* Release */ = {
			isa = XCBuildConfiguration;
			buildSettings = {
				ASSETCATALOG_COMPILER_APPICON_NAME = AppIcon;
				ASSETCATALOG_COMPILER_LAUNCHIMAGE_NAME = LaunchImage;
				"CODE_SIGN_IDENTITY[sdk=iphoneos*]" = "iPhone Developer";
				DEVELOPMENT_TEAM = CM2364627B;
				INFOPLIST_FILE = openshare/Info.plist;
				IPHONEOS_DEPLOYMENT_TARGET = 8.0;
				LD_RUNPATH_SEARCH_PATHS = "$(inherited) @executable_path/Frameworks";
				PRODUCT_BUNDLE_IDENTIFIER = top.dawenhing.openshare;
				PRODUCT_NAME = "$(TARGET_NAME)";
				PROVISIONING_PROFILE = "";
				PROVISIONING_PROFILE_SPECIFIER = "";
			};
			name = Release;
		};
		D02886581D90D22200269A24 /* Debug */ = {
			isa = XCBuildConfiguration;
			buildSettings = {
				BUNDLE_LOADER = "$(TEST_HOST)";
				CLANG_ANALYZER_NONNULL = YES;
				CLANG_WARN_DOCUMENTATION_COMMENTS = YES;
				CLANG_WARN_INFINITE_RECURSION = YES;
				CLANG_WARN_SUSPICIOUS_MOVES = YES;
				DEBUG_INFORMATION_FORMAT = dwarf;
				DEVELOPMENT_TEAM = CM2364627B;
				ENABLE_TESTABILITY = YES;
				INFOPLIST_FILE = "Open ShareTests/Info.plist";
				IPHONEOS_DEPLOYMENT_TARGET = 10.0;
				LD_RUNPATH_SEARCH_PATHS = "$(inherited) @executable_path/Frameworks @loader_path/Frameworks";
				PRODUCT_BUNDLE_IDENTIFIER = "top.dawenhing.Open-ShareTests";
				PRODUCT_NAME = "$(TARGET_NAME)";
				TEST_HOST = "$(BUILT_PRODUCTS_DIR)/openshare.app/openshare";
			};
			name = Debug;
		};
		D02886591D90D22200269A24 /* Release */ = {
			isa = XCBuildConfiguration;
			buildSettings = {
				BUNDLE_LOADER = "$(TEST_HOST)";
				CLANG_ANALYZER_NONNULL = YES;
				CLANG_WARN_DOCUMENTATION_COMMENTS = YES;
				CLANG_WARN_INFINITE_RECURSION = YES;
				CLANG_WARN_SUSPICIOUS_MOVES = YES;
				DEVELOPMENT_TEAM = CM2364627B;
				INFOPLIST_FILE = "Open ShareTests/Info.plist";
				IPHONEOS_DEPLOYMENT_TARGET = 10.0;
				LD_RUNPATH_SEARCH_PATHS = "$(inherited) @executable_path/Frameworks @loader_path/Frameworks";
				PRODUCT_BUNDLE_IDENTIFIER = "top.dawenhing.Open-ShareTests";
				PRODUCT_NAME = "$(TARGET_NAME)";
				TEST_HOST = "$(BUILT_PRODUCTS_DIR)/openshare.app/openshare";
			};
			name = Release;
		};
/* End XCBuildConfiguration section */

/* Begin XCConfigurationList section */
		B66BF3A81B0C137D0082F8D6 /* Build configuration list for PBXProject "openshare" */ = {
			isa = XCConfigurationList;
			buildConfigurations = (
				B66BF3CE1B0C137E0082F8D6 /* Debug */,
				B66BF3CF1B0C137E0082F8D6 /* Release */,
			);
			defaultConfigurationIsVisible = 0;
			defaultConfigurationName = Release;
		};
		B66BF3D01B0C137E0082F8D6 /* Build configuration list for PBXNativeTarget "openshare" */ = {
			isa = XCConfigurationList;
			buildConfigurations = (
				B66BF3D11B0C137E0082F8D6 /* Debug */,
				B66BF3D21B0C137E0082F8D6 /* Release */,
			);
			defaultConfigurationIsVisible = 0;
			defaultConfigurationName = Release;
		};
		D02886571D90D22200269A24 /* Build configuration list for PBXNativeTarget "Open ShareTests" */ = {
			isa = XCConfigurationList;
			buildConfigurations = (
				D02886581D90D22200269A24 /* Debug */,
				D02886591D90D22200269A24 /* Release */,
			);
			defaultConfigurationIsVisible = 0;
		};
/* End XCConfigurationList section */
	};
	rootObject = B66BF3A51B0C137D0082F8D6 /* Project object */;
}
